
Microsoft Visual Studio Solution File, Format Version 12.00
# Visual Studio Version 17
VisualStudioVersion = 17.3.32804.467
MinimumVisualStudioVersion = 10.0.40219.1
Project("{FAE04EC0-301F-11D3-BF4B-00C04F79EFBC}") = "ConsoleAppForHW_03", "ConsoleAppForHW_03\ConsoleAppForHW_03.csproj", "{B93B8A01-FD9D-47C5-8270-8B894E744426}"
EndProject
Global
	GlobalSection(SolutionConfigurationPlatforms) = preSolution
		Debug|Any CPU = Debug|Any CPU
		Release|Any CPU = Release|Any CPU
	EndGlobalSection
	GlobalSection(ProjectConfigurationPlatforms) = postSolution
		{B93B8A01-FD9D-47C5-8270-8B894E744426}.Debug|Any CPU.ActiveCfg = Debug|Any CPU
		{B93B8A01-FD9D-47C5-8270-8B894E744426}.Debug|Any CPU.Build.0 = Debug|Any CPU
		{B93B8A01-FD9D-47C5-8270-8B894E744426}.Release|Any CPU.ActiveCfg = Release|Any CPU
		{B93B8A01-FD9D-47C5-8270-8B894E744426}.Release|Any CPU.Build.0 = Release|Any CPU
	EndGlobalSection
	GlobalSection(SolutionProperties) = preSolution
		HideSolutionNode = FALSE
	EndGlobalSection
	GlobalSection(ExtensibilityGlobals) = postSolution
		SolutionGuid = {343407B1-7A62-4351-86FD-C0D62C77E2F6}
	EndGlobalSection
EndGlobal
